
Microsoft Visual Studio Solution File, Format Version 12.00
# Visual Studio Version 17
VisualStudioVersion = 17.4.33213.308
MinimumVisualStudioVersion = 10.0.40219.1
Project("{FAE04EC0-301F-11D3-BF4B-00C04F79EFBC}") = "X", "X\X.csproj", "{50A6EA48-1B67-4B21-A38B-1E0351483FF6}"
EndProject
Global
	GlobalSection(SolutionConfigurationPlatforms) = preSolution
		Debug|Any CPU = Debug|Any CPU
		Release|Any CPU = Release|Any CPU
	EndGlobalSection
	GlobalSection(ProjectConfigurationPlatforms) = postSolution
		{50A6EA48-1B67-4B21-A38B-1E0351483FF6}.Debug|Any CPU.ActiveCfg = Debug|Any CPU
		{50A6EA48-1B67-4B21-A38B-1E0351483FF6}.Debug|Any CPU.Build.0 = Debug|Any CPU
		{50A6EA48-1B67-4B21-A38B-1E0351483FF6}.Release|Any CPU.ActiveCfg = Release|Any CPU
		{50A6EA48-1B67-4B21-A38B-1E0351483FF6}.Release|Any CPU.Build.0 = Release|Any CPU
	EndGlobalSection
	GlobalSection(SolutionProperties) = preSolution
		HideSolutionNode = FALSE
	EndGlobalSection
	GlobalSection(ExtensibilityGlobals) = postSolution
		SolutionGuid = {0E2D3A53-5F8C-497D-A1F1-E596DC0BCA23}
	EndGlobalSection
EndGlobal
